# THIS IS AN AUTOGENERATED FILE. DO NOT EDIT THIS FILE DIRECTLY.
# yarn lockfile v1


"acorn-loose@^6.0.0":
  "integrity" "sha512-FHhXoiF0Uch3IqsrnPpWwCtiv5PYvipTpT1k9lDMgQVVYc9iDuSl5zdJV358aI8twfHCYMFBRVYvAVki9wC/ng=="
  "resolved" "https://registry.npmjs.org/acorn-loose/-/acorn-loose-6.1.0.tgz"
  "version" "6.1.0"
  dependencies:
    "acorn" "^6.2.0"

"acorn-walk@^6.0.0":
  "integrity" "sha512-7evsyfH1cLOCdAzZAd43Cic04yKydNx0cF+7tiA19p1XnLLPU4dpCQOqpjqwokFe//vS0QqfqqjCS2JkiIs0cA=="
  "resolved" "https://registry.npmjs.org/acorn-walk/-/acorn-walk-6.2.0.tgz"
  "version" "6.2.0"

"acorn@^6.0.0", "acorn@^6.2.0":
  "integrity" "sha512-XtGIhXwF8YM8bJhGxG5kXgjkEuNGLTkoYqVE+KMR+aspr4KGYmKYg7yUe3KghyQ9yheNwLnjmzh/7+gfDBmHCQ=="
  "resolved" "https://registry.npmjs.org/acorn/-/acorn-6.4.2.tgz"
  "version" "6.4.2"

"ansi@~0.3.0":
  "integrity" "sha1-DELU+xcWDVqa8eSEus4cZpIsGyE="
  "resolved" "https://registry.npmjs.org/ansi/-/ansi-0.3.1.tgz"
  "version" "0.3.1"

"atom-package-dependencies@*":
  "integrity" "sha1-KhWEwS6kUecuCw8vgD63cWZEGds="
  "resolved" "https://registry.npmjs.org/atom-package-dependencies/-/atom-package-dependencies-1.0.3.tgz"
  "version" "1.0.3"
  dependencies:
    "shelljs" "0.3.x"
    "tmp" "0.0.24"
    "witwip" "1.0.x"

"balanced-match@^1.0.0":
  "integrity" "sha512-3oSeUO0TMV67hN1AmbXsK4yaqU7tjiHlbxRDZOpH0KW9+CeX4bRAaX0Anxt0tx2MrpRpWwQaPwIlISEJhYU5Pw=="
  "resolved" "https://registry.npmjs.org/balanced-match/-/balanced-match-1.0.2.tgz"
  "version" "1.0.2"

"brace-expansion@^1.1.7":
  "integrity" "sha512-iCuPHDFgrHX7H2vEI/5xpz07zSHB00TpugqhmYtVmMO6518mCuRMoOYFldEBl0g187ufozdaHgWKcYFb61qGiA=="
  "resolved" "https://registry.npmjs.org/brace-expansion/-/brace-expansion-1.1.11.tgz"
  "version" "1.1.11"
  dependencies:
    "balanced-match" "^1.0.0"
    "concat-map" "0.0.1"

"concat-map@0.0.1":
  "integrity" "sha1-2Klr13/Wjfd5OnMDajug1UBdR3s="
  "resolved" "https://registry.npmjs.org/concat-map/-/concat-map-0.0.1.tgz"
  "version" "0.0.1"

"core-util-is@~1.0.0":
  "integrity" "sha1-tf1UIgqivFq1eqtxQMlAdUUDwac="
  "resolved" "https://registry.npmjs.org/core-util-is/-/core-util-is-1.0.2.tgz"
  "version" "1.0.2"

"debug@~0.7.0":
  "integrity" "sha1-BuHqgILCyxTjmAbiLi9vdX+Srzk="
  "resolved" "https://registry.npmjs.org/debug/-/debug-0.7.4.tgz"
  "version" "0.7.4"

"enhanced-resolve@^2.2.2":
  "integrity" "sha1-oRXDJQS2MC6Fp2Jp16V8zdli41k="
  "resolved" "https://registry.npmjs.org/enhanced-resolve/-/enhanced-resolve-2.3.0.tgz"
  "version" "2.3.0"
  dependencies:
    "graceful-fs" "^4.1.2"
    "memory-fs" "^0.3.0"
    "object-assign" "^4.0.1"
    "tapable" "^0.2.3"

"errno@^0.1.3":
  "integrity" "sha512-dJ6oBr5SQ1VSd9qkk7ByRgb/1SH4JZjCHSW/mr63/QcXO9zLVxvJ6Oy13nio03rxpSnVDDjFor75SjVeZWPW/A=="
  "resolved" "https://registry.npmjs.org/errno/-/errno-0.1.8.tgz"
  "version" "0.1.8"
  dependencies:
    "prr" "~1.0.1"

"fs.realpath@^1.0.0":
  "integrity" "sha1-FQStJSMVjKpA20onh8sBQRmU6k8="
  "resolved" "https://registry.npmjs.org/fs.realpath/-/fs.realpath-1.0.0.tgz"
  "version" "1.0.0"

"glob@^7.1.1":
  "integrity" "sha512-LwaxwyZ72Lk7vZINtNNrywX0ZuLyStrdDtabefZKAY5ZGJhVtgdznluResxNmPitE0SAO+O26sWTHeKSI2wMBA=="
  "resolved" "https://registry.npmjs.org/glob/-/glob-7.1.6.tgz"
  "version" "7.1.6"
  dependencies:
    "fs.realpath" "^1.0.0"
    "inflight" "^1.0.4"
    "inherits" "2"
    "minimatch" "^3.0.4"
    "once" "^1.3.0"
    "path-is-absolute" "^1.0.0"

"glob@~3.1.9":
  "integrity" "sha1-0p4KBV3qUTj00H7UDomC6DwgZs0="
  "resolved" "https://registry.npmjs.org/glob/-/glob-3.1.21.tgz"
  "version" "3.1.21"
  dependencies:
    "graceful-fs" "~1.2.0"
    "inherits" "1"
    "minimatch" "~0.2.11"

"graceful-fs@^4.1.2":
  "integrity" "sha512-nTnJ528pbqxYanhpDYsi4Rd8MAeaBA67+RZ10CM1m3bTAVFEDcd5AuA4a6W5YkGZ1iNXHzZz8T6TBKLeBuNriQ=="
  "resolved" "https://registry.npmjs.org/graceful-fs/-/graceful-fs-4.2.6.tgz"
  "version" "4.2.6"

"graceful-fs@~1.2", "graceful-fs@~1.2.0":
  "integrity" "sha1-FaSAaldUfLLS2/J/QuiajDRRs2Q="
  "resolved" "https://registry.npmjs.org/graceful-fs/-/graceful-fs-1.2.3.tgz"
  "version" "1.2.3"

"inflight@^1.0.4":
  "integrity" "sha1-Sb1jMdfQLQwJvJEKEHW6gWW1bfk="
  "resolved" "https://registry.npmjs.org/inflight/-/inflight-1.0.6.tgz"
  "version" "1.0.6"
  dependencies:
    "once" "^1.3.0"
    "wrappy" "1"

"inherits@~2.0.3", "inherits@2":
  "integrity" "sha512-k/vGaX4/Yla3WzyMCvTQOXYeIHvqOKtnqBduzTHpzpQZzAskKMhZ2K+EnBiSM9zGSoIFeMpXKxa4dYeZIQqewQ=="
  "resolved" "https://registry.npmjs.org/inherits/-/inherits-2.0.4.tgz"
  "version" "2.0.4"

"inherits@1":
  "integrity" "sha1-ykMJ2t7mtUzAuNJH6NfHoJdb3Js="
  "resolved" "https://registry.npmjs.org/inherits/-/inherits-1.0.2.tgz"
  "version" "1.0.2"

"isarray@~1.0.0":
  "integrity" "sha1-u5NdSFgsuhaMBoNJV6VKPgcSTxE="
  "resolved" "https://registry.npmjs.org/isarray/-/isarray-1.0.0.tgz"
  "version" "1.0.0"

"jquery@*":
  "integrity" "sha512-JVzAR/AjBvVt2BmYhxRCSYysDsPcssdmTFnzyLEts9qNwmjmu4JTAMYubEfwVOSwpQ1I1sKKFcxhZCI2buerfw=="
  "resolved" "https://registry.npmjs.org/jquery/-/jquery-3.6.0.tgz"
  "version" "3.6.0"

"loophole@*":
  "integrity" "sha1-N5Sf6kU7YlasxyXDIM4MWn9wor0="
  "resolved" "https://registry.npmjs.org/loophole/-/loophole-1.1.0.tgz"
  "version" "1.1.0"

"lru-cache@~2.0.0":
  "integrity" "sha1-uLYa4JhIOF7Gdodg45wSPn45Voo="
  "resolved" "https://registry.npmjs.org/lru-cache/-/lru-cache-2.0.4.tgz"
  "version" "2.0.4"

"lru-cache@2":
  "integrity" "sha1-bUUk6LlV+V1PW1iFHOId1y+06VI="
  "resolved" "https://registry.npmjs.org/lru-cache/-/lru-cache-2.7.3.tgz"
  "version" "2.7.3"

"memory-fs@^0.3.0":
  "integrity" "sha1-e8xrYp46Q+hx1+Kaymrop/FcuyA="
  "resolved" "https://registry.npmjs.org/memory-fs/-/memory-fs-0.3.0.tgz"
  "version" "0.3.0"
  dependencies:
    "errno" "^0.1.3"
    "readable-stream" "^2.0.1"

"minimatch@^3.0.3", "minimatch@^3.0.4":
  "integrity" "sha512-yJHVQEhyqPLUTgt9B83PXu6W3rx4MvvHvSUvToogpwoGDOUQ+yDrR0HRot+yOCdCO7u4hX3pWft6kWBBcqh0UA=="
  "resolved" "https://registry.npmjs.org/minimatch/-/minimatch-3.0.4.tgz"
  "version" "3.0.4"
  dependencies:
    "brace-expansion" "^1.1.7"

"minimatch@~0.2.11":
  "integrity" "sha1-x054BXT2PG+aCQ6Q775u9TpqdWo="
  "resolved" "https://registry.npmjs.org/minimatch/-/minimatch-0.2.14.tgz"
  "version" "0.2.14"
  dependencies:
    "lru-cache" "2"
    "sigmund" "~1.0.0"

"npmlog@0":
  "integrity" "sha1-i5ueRAXX7EjDHCNGllqtx6uuyqU="
  "resolved" "https://registry.npmjs.org/npmlog/-/npmlog-0.1.1.tgz"
  "version" "0.1.1"
  dependencies:
    "ansi" "~0.3.0"

"numpy@*":
  "integrity" "sha1-xrvUxJtFvVN/dooJySIKKQ3kFZg="
  "resolved" "https://registry.npmjs.org/numpy/-/numpy-0.0.1.tgz"
  "version" "0.0.1"

"object-assign@^4.0.1":
  "integrity" "sha1-IQmtx5ZYh8/AXLvUQsrIv7s2CGM="
  "resolved" "https://registry.npmjs.org/object-assign/-/object-assign-4.1.1.tgz"
  "version" "4.1.1"

"once@^1.3.0":
  "integrity" "sha1-WDsap3WWHUsROsF9nFC6753Xa9E="
  "resolved" "https://registry.npmjs.org/once/-/once-1.4.0.tgz"
  "version" "1.4.0"
  dependencies:
    "wrappy" "1"

"path-is-absolute@^1.0.0":
  "integrity" "sha1-F0uSaHNVNP+8es5r9TpanhtcX18="
  "resolved" "https://registry.npmjs.org/path-is-absolute/-/path-is-absolute-1.0.1.tgz"
  "version" "1.0.1"

"process-nextick-args@~2.0.0":
  "integrity" "sha512-3ouUOpQhtgrbOa17J7+uxOTpITYWaGP7/AhoR3+A+/1e9skrzelGi/dXzEYyvbxubEF6Wn2ypscTKiKJFFn1ag=="
  "resolved" "https://registry.npmjs.org/process-nextick-args/-/process-nextick-args-2.0.1.tgz"
  "version" "2.0.1"

"prr@~1.0.1":
  "integrity" "sha1-0/wRS6BplaRexok/SEzrHXj19HY="
  "resolved" "https://registry.npmjs.org/prr/-/prr-1.0.1.tgz"
  "version" "1.0.1"

"read-package-json@~0.1.5":
  "integrity" "sha1-nYBRV8gqZE9RAC+4DP6Ljp2Tm+8="
  "resolved" "https://registry.npmjs.org/read-package-json/-/read-package-json-0.1.13.tgz"
  "version" "0.1.13"
  dependencies:
    "glob" "~3.1.9"
    "lru-cache" "~2.0.0"
    "semver" "1.x"
    "slide" "~1.1.3"
  optionalDependencies:
    "graceful-fs" "~1.2"
    "npmlog" "0"

"readable-stream@^2.0.1":
  "integrity" "sha512-Ebho8K4jIbHAxnuxi7o42OrZgF/ZTNcsZj6nRKyUmkhLFq8CHItp/fy6hQZuZmP/n3yZ9VBUbp4zz/mX8hmYPw=="
  "resolved" "https://registry.npmjs.org/readable-stream/-/readable-stream-2.3.7.tgz"
  "version" "2.3.7"
  dependencies:
    "core-util-is" "~1.0.0"
    "inherits" "~2.0.3"
    "isarray" "~1.0.0"
    "process-nextick-args" "~2.0.0"
    "safe-buffer" "~5.1.1"
    "string_decoder" "~1.1.1"
    "util-deprecate" "~1.0.1"

"resolve-from@2.0.0":
  "integrity" "sha1-lICrIOlP+h2egKgEx+oUdhGWa1c="
  "resolved" "https://registry.npmjs.org/resolve-from/-/resolve-from-2.0.0.tgz"
  "version" "2.0.0"

"safe-buffer@~5.1.0", "safe-buffer@~5.1.1":
  "integrity" "sha512-Gd2UZBJDkXlY7GbJxfsE8/nvKkUEU1G38c1siN6QP6a9PT9MmHB8GnpscSmMJSoF8LOIrt8ud/wPtojys4G6+g=="
  "resolved" "https://registry.npmjs.org/safe-buffer/-/safe-buffer-5.1.2.tgz"
  "version" "5.1.2"

"semver@1.x":
  "integrity" "sha1-LlpOcrqwNHLMl/cnU7RQiRLvVUA="
  "resolved" "https://registry.npmjs.org/semver/-/semver-1.1.4.tgz"
  "version" "1.1.4"

"shelljs@0.3.x":
  "integrity" "sha1-NZbmMHp4FUT1kfN9phg2DzHbV7E="
  "resolved" "https://registry.npmjs.org/shelljs/-/shelljs-0.3.0.tgz"
  "version" "0.3.0"

"sigmund@~1.0.0":
  "integrity" "sha1-P/IfGYytIXX587eBhT/ZTQ0ZtZA="
  "resolved" "https://registry.npmjs.org/sigmund/-/sigmund-1.0.1.tgz"
  "version" "1.0.1"

"slide@~1.1.3":
  "integrity" "sha1-VusCfWW00tzmyy4tMsTUr8nh1wc="
  "resolved" "https://registry.npmjs.org/slide/-/slide-1.1.6.tgz"
  "version" "1.1.6"

"string_decoder@~1.1.1":
  "integrity" "sha512-n/ShnvDi6FHbbVfviro+WojiFzv+s8MPMHBczVePfUpDJLwoLT0ht1l4YwBCbi8pJAveEEdnkHyPyTP/mzRfwg=="
  "resolved" "https://registry.npmjs.org/string_decoder/-/string_decoder-1.1.1.tgz"
  "version" "1.1.1"
  dependencies:
    "safe-buffer" "~5.1.0"

"tapable@^0.2.3":
  "integrity" "sha512-2wsvQ+4GwBvLPLWsNfLCDYGsW6xb7aeC6utq2Qh0PFwgEy7K7dsma9Jsmb2zSQj7GvYAyUGSntLtsv++GmgL1A=="
  "resolved" "https://registry.npmjs.org/tapable/-/tapable-0.2.9.tgz"
  "version" "0.2.9"

"tern@git+https://github.com/marijnh/tern.git":
  "resolved" "git+ssh://git@github.com/marijnh/tern.git#ef50c6f0269a6fd9ce742d0a87647d60a0ef850f"
  "version" "0.24.3"
  dependencies:
    "acorn" "^6.0.0"
    "acorn-loose" "^6.0.0"
    "acorn-walk" "^6.0.0"
    "enhanced-resolve" "^2.2.2"
    "glob" "^7.1.1"
    "minimatch" "^3.0.3"
    "resolve-from" "2.0.0"

"tmp@0.0.24":
  "integrity" "sha1-1qXhmNFKmDXMby18PZ4wJCjIzxI="
  "resolved" "https://registry.npmjs.org/tmp/-/tmp-0.0.24.tgz"
  "version" "0.0.24"

"underscore-plus@*":
  "integrity" "sha512-A3BEzkeicFLnr+U/Q3EyWwJAQPbA19mtZZ4h+lLq3ttm9kn8WC4R3YpuJZEXmWdLjYP47Zc8aLZm9kwdv+zzvA=="
  "resolved" "https://registry.npmjs.org/underscore-plus/-/underscore-plus-1.7.0.tgz"
  "version" "1.7.0"
  dependencies:
    "underscore" "^1.9.1"

"underscore@^1.9.1":
  "integrity" "sha512-hzSoAVtJF+3ZtiFX0VgfFPHEDRm7Y/QPjGyNo4TVdnDTdft3tr8hEkD25a1jC+TjTuE7tkHGKkhwCgs9dgBB2g=="
  "resolved" "https://registry.npmjs.org/underscore/-/underscore-1.13.1.tgz"
  "version" "1.13.1"

"util-deprecate@~1.0.1":
  "integrity" "sha1-RQ1Nyfpw3nMnYvvS1KKJgUGaDM8="
  "resolved" "https://registry.npmjs.org/util-deprecate/-/util-deprecate-1.0.2.tgz"
  "version" "1.0.2"

"witwip@1.0.x":
  "integrity" "sha1-g68JBdQWW+Bp2yGmkRiXRGcMKn0="
  "resolved" "https://registry.npmjs.org/witwip/-/witwip-1.0.4.tgz"
  "version" "1.0.4"
  dependencies:
    "debug" "~0.7.0"
    "read-package-json" "~0.1.5"

"wrappy@1":
  "integrity" "sha1-tSQ9jz7BqjXxNkYFvA0QNuMKtp8="
  "resolved" "https://registry.npmjs.org/wrappy/-/wrappy-1.0.2.tgz"
  "version" "1.0.2"
